
Microsoft Visual Studio Solution File, Format Version 12.00
# Visual Studio Version 16
VisualStudioVersion = 16.0.31112.23
MinimumVisualStudioVersion = 10.0.40219.1
Project("{8BC9CEB8-8B4A-11D0-8D11-00A0C91BC942}") = "Classwork3", "Classwork3.vcxproj", "{C4DEA517-8A46-45A4-A37A-526800571C8B}"
EndProject
Global
	GlobalSection(SolutionConfigurationPlatforms) = preSolution
		Debug|x64 = Debug|x64
		Debug|x86 = Debug|x86
		Release|x64 = Release|x64
		Release|x86 = Release|x86
	EndGlobalSection
	GlobalSection(ProjectConfigurationPlatforms) = postSolution
		{C4DEA517-8A46-45A4-A37A-526800571C8B}.Debug|x64.ActiveCfg = Debug|x64
		{C4DEA517-8A46-45A4-A37A-526800571C8B}.Debug|x64.Build.0 = Debug|x64
		{C4DEA517-8A46-45A4-A37A-526800571C8B}.Debug|x86.ActiveCfg = Debug|Win32
		{C4DEA517-8A46-45A4-A37A-526800571C8B}.Debug|x86.Build.0 = Debug|Win32
		{C4DEA517-8A46-45A4-A37A-526800571C8B}.Release|x64.ActiveCfg = Release|x64
		{C4DEA517-8A46-45A4-A37A-526800571C8B}.Release|x64.Build.0 = Release|x64
		{C4DEA517-8A46-45A4-A37A-526800571C8B}.Release|x86.ActiveCfg = Release|Win32
		{C4DEA517-8A46-45A4-A37A-526800571C8B}.Release|x86.Build.0 = Release|Win32
	EndGlobalSection
	GlobalSection(SolutionProperties) = preSolution
		HideSolutionNode = FALSE
	EndGlobalSection
	GlobalSection(ExtensibilityGlobals) = postSolution
		SolutionGuid = {92CE3E6F-FA66-452C-A62E-60BFCC7EB82E}
	EndGlobalSection
EndGlobal
